{
  "name": "node-client",
  "version": "0.0.1",
  "dependencies": {
    "node-static": {
      "version": "0.7.6",
      "from": "node-static@0.7.6",
      "resolved": "https://registry.npmjs.org/node-static/-/node-static-0.7.6.tgz",
      "dependencies": {
        "optimist": {
          "version": "0.6.1",
          "from": "optimist@>=0.3.4",
          "dependencies": {
            "wordwrap": {
              "version": "0.0.2",
              "from": "wordwrap@~0.0.2"
            },
            "minimist": {
              "version": "0.0.10",
              "from": "minimist@~0.0.1"
            }
          }
        },
        "colors": {
          "version": "1.0.3",
          "from": "colors@>=0.6.0",
          "resolved": "https://registry.npmjs.org/colors/-/colors-1.0.3.tgz"
        },
        "mime": {
          "version": "1.3.4",
          "from": "mime@>=1.2.9",
          "resolved": "https://registry.npmjs.org/mime/-/mime-1.3.4.tgz"
        }
      }
    }
  }
}
